
Microsoft Visual Studio Solution File, Format Version 11.00
# Visual Studio 2010
Project("{8BC9CEB8-8B4A-11D0-8D11-00A0C91BC942}") = "6_7", "6_7\6_7.vcxproj", "{902DD72B-4A4E-457D-8971-F4A75F351852}"
EndProject
Global
	GlobalSection(SolutionConfigurationPlatforms) = preSolution
		Debug|Win32 = Debug|Win32
		Release|Win32 = Release|Win32
	EndGlobalSection
	GlobalSection(ProjectConfigurationPlatforms) = postSolution
		{902DD72B-4A4E-457D-8971-F4A75F351852}.Debug|Win32.ActiveCfg = Debug|Win32
		{902DD72B-4A4E-457D-8971-F4A75F351852}.Debug|Win32.Build.0 = Debug|Win32
		{902DD72B-4A4E-457D-8971-F4A75F351852}.Release|Win32.ActiveCfg = Release|Win32
		{902DD72B-4A4E-457D-8971-F4A75F351852}.Release|Win32.Build.0 = Release|Win32
	EndGlobalSection
	GlobalSection(SolutionProperties) = preSolution
		HideSolutionNode = FALSE
	EndGlobalSection
EndGlobal
